
Microsoft Visual Studio Solution File, Format Version 12.00
# Visual Studio Version 16
VisualStudioVersion = 16.0.31005.135
MinimumVisualStudioVersion = 10.0.40219.1
Project("{8BC9CEB8-8B4A-11D0-8D11-00A0C91BC942}") = "Referanslar - Referanslar ile Pointer", "Referanslar - Referanslar ile Pointer.vcxproj", "{15B1DEF2-6E27-44F9-BF92-85C793B901B6}"
EndProject
Global
	GlobalSection(SolutionConfigurationPlatforms) = preSolution
		Debug|x64 = Debug|x64
		Debug|x86 = Debug|x86
		Release|x64 = Release|x64
		Release|x86 = Release|x86
	EndGlobalSection
	GlobalSection(ProjectConfigurationPlatforms) = postSolution
		{15B1DEF2-6E27-44F9-BF92-85C793B901B6}.Debug|x64.ActiveCfg = Debug|x64
		{15B1DEF2-6E27-44F9-BF92-85C793B901B6}.Debug|x64.Build.0 = Debug|x64
		{15B1DEF2-6E27-44F9-BF92-85C793B901B6}.Debug|x86.ActiveCfg = Debug|Win32
		{15B1DEF2-6E27-44F9-BF92-85C793B901B6}.Debug|x86.Build.0 = Debug|Win32
		{15B1DEF2-6E27-44F9-BF92-85C793B901B6}.Release|x64.ActiveCfg = Release|x64
		{15B1DEF2-6E27-44F9-BF92-85C793B901B6}.Release|x64.Build.0 = Release|x64
		{15B1DEF2-6E27-44F9-BF92-85C793B901B6}.Release|x86.ActiveCfg = Release|Win32
		{15B1DEF2-6E27-44F9-BF92-85C793B901B6}.Release|x86.Build.0 = Release|Win32
	EndGlobalSection
	GlobalSection(SolutionProperties) = preSolution
		HideSolutionNode = FALSE
	EndGlobalSection
	GlobalSection(ExtensibilityGlobals) = postSolution
		SolutionGuid = {2242FA9B-4290-4AF1-B3E4-E87DD12914B0}
	EndGlobalSection
EndGlobal
